github.com/mattn/go-sqlite3 v1.14.32 h1:JD12Ag3oLy1zQA+BNn74xRgaBbdhbNIDYvQUEuuErjs=
github.com/mattn/go-sqlite3 v1.14.32/go.mod h1:Uh1q+B4BYcTPb+yiD3kU8Ct7aC0hY9fxUwlHK0RXw+Y=
github.com/stripe/stripe-go/v84 v84.1.0 h1:9KW8Fm3csWsPNqBJCgdEZBM9pRNaqpESHIw+eXp8A0k=
github.com/stripe/stripe-go/v84 v84.1.0/go.mod h1:kjXh3OrF4PT16qz7z9Q5yqYAZ1mJmu8g8f4Z1sOHBfc=
